// !$*UTF8*$!
{
	archiveVersion = 1;
	classes = {
	};
	objectVersion = 56;
	objects = {

/* Begin PBXBuildFile section */
		581B86B92902894C00B58DBE /* dummy_macroApp.swift in Sources */ = {isa = PBXBuildFile; fileRef = 581B86B82902894C00B58DBE /* dummy_macroApp.swift */; };
		581B86BB2902894C00B58DBE /* ContentView.swift in Sources */ = {isa = PBXBuildFile; fileRef = 581B86BA2902894C00B58DBE /* ContentView.swift */; };
		581B86BD2902894D00B58DBE /* Assets.xcassets in Resources */ = {isa = PBXBuildFile; fileRef = 581B86BC2902894D00B58DBE /* Assets.xcassets */; };
		581B86C02902894D00B58DBE /* Preview Assets.xcassets in Resources */ = {isa = PBXBuildFile; fileRef = 581B86BF2902894D00B58DBE /* Preview Assets.xcassets */; };
		581B86C72902D63900B58DBE /* DummySyncDataPage.swift in Sources */ = {isa = PBXBuildFile; fileRef = 581B86C62902D63900B58DBE /* DummySyncDataPage.swift */; };
		581B86C92902D64300B58DBE /* DummyDashboard.swift in Sources */ = {isa = PBXBuildFile; fileRef = 581B86C82902D64300B58DBE /* DummyDashboard.swift */; };
		581B86CB2902D66200B58DBE /* AllowSync.swift in Sources */ = {isa = PBXBuildFile; fileRef = 581B86CA2902D66200B58DBE /* AllowSync.swift */; };
		581B86CD2902D66F00B58DBE /* BundleSelection2.swift in Sources */ = {isa = PBXBuildFile; fileRef = 581B86CC2902D66F00B58DBE /* BundleSelection2.swift */; };
/* End PBXBuildFile section */

/* Begin PBXFileReference section */
		581B86B52902894C00B58DBE /* dummy-macro.app */ = {isa = PBXFileReference; explicitFileType = wrapper.application; includeInIndex = 0; path = "dummy-macro.app"; sourceTree = BUILT_PRODUCTS_DIR; };
		581B86B82902894C00B58DBE /* dummy_macroApp.swift */ = {isa = PBXFileReference; lastKnownFileType = sourcecode.swift; path = dummy_macroApp.swift; sourceTree = "<group>"; };
		581B86BA2902894C00B58DBE /* ContentView.swift */ = {isa = PBXFileReference; lastKnownFileType = sourcecode.swift; path = ContentView.swift; sourceTree = "<group>"; };
		581B86BC2902894D00B58DBE /* Assets.xcassets */ = {isa = PBXFileReference; lastKnownFileType = folder.assetcatalog; path = Assets.xcassets; sourceTree = "<group>"; };
		581B86BF2902894D00B58DBE /* Preview Assets.xcassets */ = {isa = PBXFileReference; lastKnownFileType = folder.assetcatalog; path = "Preview Assets.xcassets"; sourceTree = "<group>"; };
		581B86C62902D63900B58DBE /* DummySyncDataPage.swift */ = {isa = PBXFileReference; lastKnownFileType = sourcecode.swift; path = DummySyncDataPage.swift; sourceTree = "<group>"; };
		581B86C82902D64300B58DBE /* DummyDashboard.swift */ = {isa = PBXFileReference; lastKnownFileType = sourcecode.swift; path = DummyDashboard.swift; sourceTree = "<group>"; };
		581B86CA2902D66200B58DBE /* AllowSync.swift */ = {isa = PBXFileReference; lastKnownFileType = sourcecode.swift; path = AllowSync.swift; sourceTree = "<group>"; };
		581B86CC2902D66F00B58DBE /* BundleSelection2.swift */ = {isa = PBXFileReference; lastKnownFileType = sourcecode.swift; path = BundleSelection2.swift; sourceTree = "<group>"; };
/* End PBXFileReference section */

/* Begin PBXFrameworksBuildPhase section */
		581B86B22902894C00B58DBE /* Frameworks */ = {
			isa = PBXFrameworksBuildPhase;
			buildActionMask = 2147483647;
			files = (
			);
			runOnlyForDeploymentPostprocessing = 0;
		};
/* End PBXFrameworksBuildPhase section */

/* Begin PBXGroup section */
		581B86AC2902894C00B58DBE = {
			isa = PBXGroup;
			children = (
				581B86B72902894C00B58DBE /* dummy-macro */,
				581B86B62902894C00B58DBE /* Products */,
			);
			sourceTree = "<group>";
		};
		581B86B62902894C00B58DBE /* Products */ = {
			isa = PBXGroup;
			children = (
				581B86B52902894C00B58DBE /* dummy-macro.app */,
			);
			name = Products;
			sourceTree = "<group>";
		};
		581B86B72902894C00B58DBE /* dummy-macro */ = {
			isa = PBXGroup;
			children = (
				581B86B82902894C00B58DBE /* dummy_macroApp.swift */,
				581B86BA2902894C00B58DBE /* ContentView.swift */,
				581B86BC2902894D00B58DBE /* Assets.xcassets */,
				581B86BE2902894D00B58DBE /* Preview Content */,
				581B86C62902D63900B58DBE /* DummySyncDataPage.swift */,
				581B86CA2902D66200B58DBE /* AllowSync.swift */,
				581B86C82902D64300B58DBE /* DummyDashboard.swift */,
				581B86CC2902D66F00B58DBE /* BundleSelection2.swift */,
			);
			path = "dummy-macro";
			sourceTree = "<group>";
		};
		581B86BE2902894D00B58DBE /* Preview Content */ = {
			isa = PBXGroup;
			children = (
				581B86BF2902894D00B58DBE /* Preview Assets.xcassets */,
			);
			path = "Preview Content";
			sourceTree = "<group>";
		};
/* End PBXGroup section */

/* Begin PBXNativeTarget section */
		581B86B42902894C00B58DBE /* dummy-macro */ = {
			isa = PBXNativeTarget;
			buildConfigurationList = 581B86C32902894D00B58DBE /* Build configuration list for PBXNativeTarget "dummy-macro" */;
			buildPhases = (
				581B86B12902894C00B58DBE /* Sources */,
				581B86B22902894C00B58DBE /* Frameworks */,
				581B86B32902894C00B58DBE /* Resources */,
			);
			buildRules = (
			);
			dependencies = (
			);
			name = "dummy-macro";
			productName = "dummy-macro";
			productReference = 581B86B52902894C00B58DBE /* dummy-macro.app */;
			productType = "com.apple.product-type.application";
		};
/* End PBXNativeTarget section */

/* Begin PBXProject section */
		581B86AD2902894C00B58DBE /* Project object */ = {
			isa = PBXProject;
			attributes = {
				BuildIndependentTargetsInParallel = 1;
				LastSwiftUpdateCheck = 1400;
				LastUpgradeCheck = 1400;
				TargetAttributes = {
					581B86B42902894C00B58DBE = {
						CreatedOnToolsVersion = 14.0.1;
					};
				};
			};
			buildConfigurationList = 581B86B02902894C00B58DBE /* Build configuration list for PBXProject "dummy-macro" */;
			compatibilityVersion = "Xcode 14.0";
			developmentRegion = en;
			hasScannedForEncodings = 0;
			knownRegions = (
				en,
				Base,
			);
			mainGroup = 581B86AC2902894C00B58DBE;
			productRefGroup = 581B86B62902894C00B58DBE /* Products */;
			projectDirPath = "";
			projectRoot = "";
			targets = (
				581B86B42902894C00B58DBE /* dummy-macro */,
			);
		};
/* End PBXProject section */

/* Begin PBXResourcesBuildPhase section */
		581B86B32902894C00B58DBE /* Resources */ = {
			isa = PBXResourcesBuildPhase;
			buildActionMask = 2147483647;
			files = (
				581B86C02902894D00B58DBE /* Preview Assets.xcassets in Resources */,
				581B86BD2902894D00B58DBE /* Assets.xcassets in Resources */,
			);
			runOnlyForDeploymentPostprocessing = 0;
		};
/* End PBXResourcesBuildPhase section */

/* Begin PBXSourcesBuildPhase section */
		581B86B12902894C00B58DBE /* Sources */ = {
			isa = PBXSourcesBuildPhase;
			buildActionMask = 2147483647;
			files = (
				581B86BB2902894C00B58DBE /* ContentView.swift in Sources */,
				581B86B92902894C00B58DBE /* dummy_macroApp.swift in Sources */,
				581B86C72902D63900B58DBE /* DummySyncDataPage.swift in Sources */,
				581B86CD2902D66F00B58DBE /* BundleSelection2.swift in Sources */,
				581B86CB2902D66200B58DBE /* AllowSync.swift in Sources */,
				581B86C92902D64300B58DBE /* DummyDashboard.swift in Sources */,
			);
			runOnlyForDeploymentPostprocessing = 0;
		};
/* End PBXSourcesBuildPhase section */

/* Begin XCBuildConfiguration section */
		581B86C12902894D00B58DBE /* Debug */ = {
			isa = XCBuildConfiguration;
			buildSettings = {
				ALWAYS_SEARCH_USER_PATHS = NO;
				CLANG_ANALYZER_NONNULL = YES;
				CLANG_ANALYZER_NUMBER_OBJECT_CONVERSION = YES_AGGRESSIVE;
				CLANG_CXX_LANGUAGE_STANDARD = "gnu++20";
				CLANG_ENABLE_MODULES = YES;
				CLANG_ENABLE_OBJC_ARC = YES;
				CLANG_ENABLE_OBJC_WEAK = YES;
				CLANG_WARN_BLOCK_CAPTURE_AUTORELEASING = YES;
				CLANG_WARN_BOOL_CONVERSION = YES;
				CLANG_WARN_COMMA = YES;
				CLANG_WARN_CONSTANT_CONVERSION = YES;
				CLANG_WARN_DEPRECATED_OBJC_IMPLEMENTATIONS = YES;
				CLANG_WARN_DIRECT_OBJC_ISA_USAGE = YES_ERROR;
				CLANG_WARN_DOCUMENTATION_COMMENTS = YES;
				CLANG_WARN_EMPTY_BODY = YES;
				CLANG_WARN_ENUM_CONVERSION = YES;
				CLANG_WARN_INFINITE_RECURSION = YES;
				CLANG_WARN_INT_CONVERSION = YES;
				CLANG_WARN_NON_LITERAL_NULL_CONVERSION = YES;
				CLANG_WARN_OBJC_IMPLICIT_RETAIN_SELF = YES;
				CLANG_WARN_OBJC_LITERAL_CONVERSION = YES;
				CLANG_WARN_OBJC_ROOT_CLASS = YES_ERROR;
				CLANG_WARN_QUOTED_INCLUDE_IN_FRAMEWORK_HEADER = YES;
				CLANG_WARN_RANGE_LOOP_ANALYSIS = YES;
				CLANG_WARN_STRICT_PROTOTYPES = YES;
				CLANG_WARN_SUSPICIOUS_MOVE = YES;
				CLANG_WARN_UNGUARDED_AVAILABILITY = YES_AGGRESSIVE;
				CLANG_WARN_UNREACHABLE_CODE = YES;
				CLANG_WARN__DUPLICATE_METHOD_MATCH = YES;
				COPY_PHASE_STRIP = NO;
				DEBUG_INFORMATION_FORMAT = dwarf;
				ENABLE_STRICT_OBJC_MSGSEND = YES;
				ENABLE_TESTABILITY = YES;
				GCC_C_LANGUAGE_STANDARD = gnu11;
				GCC_DYNAMIC_NO_PIC = NO;
				GCC_NO_COMMON_BLOCKS = YES;
				GCC_OPTIMIZATION_LEVEL = 0;
				GCC_PREPROCESSOR_DEFINITIONS = (
					"DEBUG=1",
					"$(inherited)",
				);
				GCC_WARN_64_TO_32_BIT_CONVERSION = YES;
				GCC_WARN_ABOUT_RETURN_TYPE = YES_ERROR;
				GCC_WARN_UNDECLARED_SELECTOR = YES;
				GCC_WARN_UNINITIALIZED_AUTOS = YES_AGGRESSIVE;
				GCC_WARN_UNUSED_FUNCTION = YES;
				GCC_WARN_UNUSED_VARIABLE = YES;
				IPHONEOS_DEPLOYMENT_TARGET = 16.0;
				MTL_ENABLE_DEBUG_INFO = INCLUDE_SOURCE;
				MTL_FAST_MATH = YES;
				ONLY_ACTIVE_ARCH = YES;
				SDKROOT = iphoneos;
				SWIFT_ACTIVE_COMPILATION_CONDITIONS = DEBUG;
				SWIFT_OPTIMIZATION_LEVEL = "-Onone";
			};
			name = Debug;
		};
		581B86C22902894D00B58DBE /* Release */ = {
			isa = XCBuildConfiguration;
			buildSettings = {
				ALWAYS_SEARCH_USER_PATHS = NO;
				CLANG_ANALYZER_NONNULL = YES;
				CLANG_ANALYZER_NUMBER_OBJECT_CONVERSION = YES_AGGRESSIVE;
				CLANG_CXX_LANGUAGE_STANDARD = "gnu++20";
				CLANG_ENABLE_MODULES = YES;
				CLANG_ENABLE_OBJC_ARC = YES;
				CLANG_ENABLE_OBJC_WEAK = YES;
				CLANG_WARN_BLOCK_CAPTURE_AUTORELEASING = YES;
				CLANG_WARN_BOOL_CONVERSION = YES;
				CLANG_WARN_COMMA = YES;
				CLANG_WARN_CONSTANT_CONVERSION = YES;
				CLANG_WARN_DEPRECATED_OBJC_IMPLEMENTATIONS = YES;
				CLANG_WARN_DIRECT_OBJC_ISA_USAGE = YES_ERROR;
				CLANG_WARN_DOCUMENTATION_COMMENTS = YES;
				CLANG_WARN_EMPTY_BODY = YES;
				CLANG_WARN_ENUM_CONVERSION = YES;
				CLANG_WARN_INFINITE_RECURSION = YES;
				CLANG_WARN_INT_CONVERSION = YES;
				CLANG_WARN_NON_LITERAL_NULL_CONVERSION = YES;
				CLANG_WARN_OBJC_IMPLICIT_RETAIN_SELF = YES;
				CLANG_WARN_OBJC_LITERAL_CONVERSION = YES;
				CLANG_WARN_OBJC_ROOT_CLASS = YES_ERROR;
				CLANG_WARN_QUOTED_INCLUDE_IN_FRAMEWORK_HEADER = YES;
				CLANG_WARN_RANGE_LOOP_ANALYSIS = YES;
				CLANG_WARN_STRICT_PROTOTYPES = YES;
				CLANG_WARN_SUSPICIOUS_MOVE = YES;
				CLANG_WARN_UNGUARDED_AVAILABILITY = YES_AGGRESSIVE;
				CLANG_WARN_UNREACHABLE_CODE = YES;
				CLANG_WARN__DUPLICATE_METHOD_MATCH = YES;
				COPY_PHASE_STRIP = NO;
				DEBUG_INFORMATION_FORMAT = "dwarf-with-dsym";
				ENABLE_NS_ASSERTIONS = NO;
				ENABLE_STRICT_OBJC_MSGSEND = YES;
				GCC_C_LANGUAGE_STANDARD = gnu11;
				GCC_NO_COMMON_BLOCKS = YES;
				GCC_WARN_64_TO_32_BIT_CONVERSION = YES;
				GCC_WARN_ABOUT_RETURN_TYPE = YES_ERROR;
				GCC_WARN_UNDECLARED_SELECTOR = YES;
				GCC_WARN_UNINITIALIZED_AUTOS = YES_AGGRESSIVE;
				GCC_WARN_UNUSED_FUNCTION = YES;
				GCC_WARN_UNUSED_VARIABLE = YES;
				IPHONEOS_DEPLOYMENT_TARGET = 16.0;
				MTL_ENABLE_DEBUG_INFO = NO;
				MTL_FAST_MATH = YES;
				SDKROOT = iphoneos;
				SWIFT_COMPILATION_MODE = wholemodule;
				SWIFT_OPTIMIZATION_LEVEL = "-O";
				VALIDATE_PRODUCT = YES;
			};
			name = Release;
		};
		581B86C42902894D00B58DBE /* Debug */ = {
			isa = XCBuildConfiguration;
			buildSettings = {
				ASSETCATALOG_COMPILER_APPICON_NAME = AppIcon;
				ASSETCATALOG_COMPILER_GLOBAL_ACCENT_COLOR_NAME = AccentColor;
				CODE_SIGN_STYLE = Automatic;
				CURRENT_PROJECT_VERSION = 1;
				DEVELOPMENT_ASSET_PATHS = "\"dummy-macro/Preview Content\"";
				DEVELOPMENT_TEAM = V7QMN683D9;
				ENABLE_PREVIEWS = YES;
				GENERATE_INFOPLIST_FILE = YES;
				INFOPLIST_KEY_UIApplicationSceneManifest_Generation = YES;
				INFOPLIST_KEY_UIApplicationSupportsIndirectInputEvents = YES;
				INFOPLIST_KEY_UILaunchScreen_Generation = YES;
				INFOPLIST_KEY_UISupportedInterfaceOrientations_iPad = "UIInterfaceOrientationPortrait UIInterfaceOrientationPortraitUpsideDown UIInterfaceOrientationLandscapeLeft UIInterfaceOrientationLandscapeRight";
				INFOPLIST_KEY_UISupportedInterfaceOrientations_iPhone = "UIInterfaceOrientationPortrait UIInterfaceOrientationLandscapeLeft UIInterfaceOrientationLandscapeRight";
				LD_RUNPATH_SEARCH_PATHS = (
					"$(inherited)",
					"@executable_path/Frameworks",
				);
				MARKETING_VERSION = 1.0;
				PRODUCT_BUNDLE_IDENTIFIER = "com.robbysuliantoro.dummy-macro";
				PRODUCT_NAME = "$(TARGET_NAME)";
				SWIFT_EMIT_LOC_STRINGS = YES;
				SWIFT_VERSION = 5.0;
				TARGETED_DEVICE_FAMILY = "1,2";
			};
			name = Debug;
		};
		581B86C52902894D00B58DBE /* Release */ = {
			isa = XCBuildConfiguration;
			buildSettings = {
				ASSETCATALOG_COMPILER_APPICON_NAME = AppIcon;
				ASSETCATALOG_COMPILER_GLOBAL_ACCENT_COLOR_NAME = AccentColor;
				CODE_SIGN_STYLE = Automatic;
				CURRENT_PROJECT_VERSION = 1;
				DEVELOPMENT_ASSET_PATHS = "\"dummy-macro/Preview Content\"";
				DEVELOPMENT_TEAM = V7QMN683D9;
				ENABLE_PREVIEWS = YES;
				GENERATE_INFOPLIST_FILE = YES;
				INFOPLIST_KEY_UIApplicationSceneManifest_Generation = YES;
				INFOPLIST_KEY_UIApplicationSupportsIndirectInputEvents = YES;
				INFOPLIST_KEY_UILaunchScreen_Generation = YES;
				INFOPLIST_KEY_UISupportedInterfaceOrientations_iPad = "UIInterfaceOrientationPortrait UIInterfaceOrientationPortraitUpsideDown UIInterfaceOrientationLandscapeLeft UIInterfaceOrientationLandscapeRight";
				INFOPLIST_KEY_UISupportedInterfaceOrientations_iPhone = "UIInterfaceOrientationPortrait UIInterfaceOrientationLandscapeLeft UIInterfaceOrientationLandscapeRight";
				LD_RUNPATH_SEARCH_PATHS = (
					"$(inherited)",
					"@executable_path/Frameworks",
				);
				MARKETING_VERSION = 1.0;
				PRODUCT_BUNDLE_IDENTIFIER = "com.robbysuliantoro.dummy-macro";
				PRODUCT_NAME = "$(TARGET_NAME)";
				SWIFT_EMIT_LOC_STRINGS = YES;
				SWIFT_VERSION = 5.0;
				TARGETED_DEVICE_FAMILY = "1,2";
			};
			name = Release;
		};
/* End XCBuildConfiguration section */

/* Begin XCConfigurationList section */
		581B86B02902894C00B58DBE /* Build configuration list for PBXProject "dummy-macro" */ = {
			isa = XCConfigurationList;
			buildConfigurations = (
				581B86C12902894D00B58DBE /* Debug */,
				581B86C22902894D00B58DBE /* Release */,
			);
			defaultConfigurationIsVisible = 0;
			defaultConfigurationName = Release;
		};
		581B86C32902894D00B58DBE /* Build configuration list for PBXNativeTarget "dummy-macro" */ = {
			isa = XCConfigurationList;
			buildConfigurations = (
				581B86C42902894D00B58DBE /* Debug */,
				581B86C52902894D00B58DBE /* Release */,
			);
			defaultConfigurationIsVisible = 0;
			defaultConfigurationName = Release;
		};
/* End XCConfigurationList section */
	};
	rootObject = 581B86AD2902894C00B58DBE /* Project object */;
}
